// !$*UTF8*$!
{
	archiveVersion = 1;
	classes = {
	};
	objectVersion = 56;
	objects = {

/* Begin PBXBuildFile section */
		FFB5F58728DB660F007F98D6 /* AppDelegate.swift in Sources */ = {isa = PBXBuildFile; fileRef = FFB5F58628DB660F007F98D6 /* AppDelegate.swift */; };
		FFB5F58928DB660F007F98D6 /* SceneDelegate.swift in Sources */ = {isa = PBXBuildFile; fileRef = FFB5F58828DB660F007F98D6 /* SceneDelegate.swift */; };
		FFB5F58E28DB660F007F98D6 /* DrawingBoardViewController.storyboard in Resources */ = {isa = PBXBuildFile; fileRef = FFB5F58C28DB660F007F98D6 /* DrawingBoardViewController.storyboard */; };
		FFB5F59028DB6610007F98D6 /* Assets.xcassets in Resources */ = {isa = PBXBuildFile; fileRef = FFB5F58F28DB6610007F98D6 /* Assets.xcassets */; };
		FFB5F59328DB6610007F98D6 /* LaunchScreen.storyboard in Resources */ = {isa = PBXBuildFile; fileRef = FFB5F59128DB6610007F98D6 /* LaunchScreen.storyboard */; };
		FFB5F59B28DCDFB6007F98D6 /* CanvasView.swift in Sources */ = {isa = PBXBuildFile; fileRef = FFB5F59A28DCDFB6007F98D6 /* CanvasView.swift */; };
		FFB5F59D28DCDFED007F98D6 /* DrawingBoardViewController.swift in Sources */ = {isa = PBXBuildFile; fileRef = FFB5F59C28DCDFED007F98D6 /* DrawingBoardViewController.swift */; };
		FFB5F5A028DCDFFD007F98D6 /* UIView+Extension.swift in Sources */ = {isa = PBXBuildFile; fileRef = FFB5F59F28DCDFFD007F98D6 /* UIView+Extension.swift */; };
		FFB5F5A728DD0A96007F98D6 /* BrushSelectorView.swift in Sources */ = {isa = PBXBuildFile; fileRef = FFB5F5A628DD0A96007F98D6 /* BrushSelectorView.swift */; };
		FFB5F5AB28DD0ADC007F98D6 /* Brush.swift in Sources */ = {isa = PBXBuildFile; fileRef = FFB5F5AA28DD0ADC007F98D6 /* Brush.swift */; };
		FFB5F5B328DD12DB007F98D6 /* BrushSelectionCell.swift in Sources */ = {isa = PBXBuildFile; fileRef = FFB5F5B228DD12DA007F98D6 /* BrushSelectionCell.swift */; };
		FFB5F5B628DD15AC007F98D6 /* Reusable.swift in Sources */ = {isa = PBXBuildFile; fileRef = FFB5F5B528DD15AC007F98D6 /* Reusable.swift */; };
		FFB5F5B828DD15BE007F98D6 /* NibLoadable.swift in Sources */ = {isa = PBXBuildFile; fileRef = FFB5F5B728DD15BE007F98D6 /* NibLoadable.swift */; };
		FFB5F5BA28DD15E2007F98D6 /* BrushSelectionCell.xib in Resources */ = {isa = PBXBuildFile; fileRef = FFB5F5B928DD15E2007F98D6 /* BrushSelectionCell.xib */; };
		FFB5F5BC28DD1668007F98D6 /* UICollectionView+Extension.swift in Sources */ = {isa = PBXBuildFile; fileRef = FFB5F5BB28DD1668007F98D6 /* UICollectionView+Extension.swift */; };
/* End PBXBuildFile section */

/* Begin PBXFileReference section */
		FFB5F58328DB660F007F98D6 /* Drawing Board.app */ = {isa = PBXFileReference; explicitFileType = wrapper.application; includeInIndex = 0; path = "Drawing Board.app"; sourceTree = BUILT_PRODUCTS_DIR; };
		FFB5F58628DB660F007F98D6 /* AppDelegate.swift */ = {isa = PBXFileReference; lastKnownFileType = sourcecode.swift; path = AppDelegate.swift; sourceTree = "<group>"; };
		FFB5F58828DB660F007F98D6 /* SceneDelegate.swift */ = {isa = PBXFileReference; lastKnownFileType = sourcecode.swift; path = SceneDelegate.swift; sourceTree = "<group>"; };
		FFB5F58D28DB660F007F98D6 /* Base */ = {isa = PBXFileReference; lastKnownFileType = file.storyboard; name = Base; path = Base.lproj/DrawingBoardViewController.storyboard; sourceTree = "<group>"; };
		FFB5F58F28DB6610007F98D6 /* Assets.xcassets */ = {isa = PBXFileReference; lastKnownFileType = folder.assetcatalog; path = Assets.xcassets; sourceTree = "<group>"; };
		FFB5F59228DB6610007F98D6 /* Base */ = {isa = PBXFileReference; lastKnownFileType = file.storyboard; name = Base; path = Base.lproj/LaunchScreen.storyboard; sourceTree = "<group>"; };
		FFB5F59428DB6610007F98D6 /* Info.plist */ = {isa = PBXFileReference; lastKnownFileType = text.plist.xml; path = Info.plist; sourceTree = "<group>"; };
		FFB5F59A28DCDFB6007F98D6 /* CanvasView.swift */ = {isa = PBXFileReference; lastKnownFileType = sourcecode.swift; path = CanvasView.swift; sourceTree = "<group>"; };
		FFB5F59C28DCDFED007F98D6 /* DrawingBoardViewController.swift */ = {isa = PBXFileReference; lastKnownFileType = sourcecode.swift; path = DrawingBoardViewController.swift; sourceTree = "<group>"; };
		FFB5F59F28DCDFFD007F98D6 /* UIView+Extension.swift */ = {isa = PBXFileReference; lastKnownFileType = sourcecode.swift; path = "UIView+Extension.swift"; sourceTree = "<group>"; };
		FFB5F5A628DD0A96007F98D6 /* BrushSelectorView.swift */ = {isa = PBXFileReference; lastKnownFileType = sourcecode.swift; path = BrushSelectorView.swift; sourceTree = "<group>"; };
		FFB5F5AA28DD0ADC007F98D6 /* Brush.swift */ = {isa = PBXFileReference; lastKnownFileType = sourcecode.swift; path = Brush.swift; sourceTree = "<group>"; };
		FFB5F5B228DD12DA007F98D6 /* BrushSelectionCell.swift */ = {isa = PBXFileReference; lastKnownFileType = sourcecode.swift; path = BrushSelectionCell.swift; sourceTree = "<group>"; };
		FFB5F5B528DD15AC007F98D6 /* Reusable.swift */ = {isa = PBXFileReference; lastKnownFileType = sourcecode.swift; path = Reusable.swift; sourceTree = "<group>"; };
		FFB5F5B728DD15BE007F98D6 /* NibLoadable.swift */ = {isa = PBXFileReference; lastKnownFileType = sourcecode.swift; path = NibLoadable.swift; sourceTree = "<group>"; };
		FFB5F5B928DD15E2007F98D6 /* BrushSelectionCell.xib */ = {isa = PBXFileReference; lastKnownFileType = file.xib; path = BrushSelectionCell.xib; sourceTree = "<group>"; };
		FFB5F5BB28DD1668007F98D6 /* UICollectionView+Extension.swift */ = {isa = PBXFileReference; lastKnownFileType = sourcecode.swift; path = "UICollectionView+Extension.swift"; sourceTree = "<group>"; };
/* End PBXFileReference section */

/* Begin PBXFrameworksBuildPhase section */
		FFB5F58028DB660F007F98D6 /* Frameworks */ = {
			isa = PBXFrameworksBuildPhase;
			buildActionMask = 2147483647;
			files = (
			);
			runOnlyForDeploymentPostprocessing = 0;
		};
/* End PBXFrameworksBuildPhase section */

/* Begin PBXGroup section */
		FFB5F57A28DB660F007F98D6 = {
			isa = PBXGroup;
			children = (
				FFB5F58528DB660F007F98D6 /* Drawing Board */,
				FFB5F58428DB660F007F98D6 /* Products */,
			);
			sourceTree = "<group>";
		};
		FFB5F58428DB660F007F98D6 /* Products */ = {
			isa = PBXGroup;
			children = (
				FFB5F58328DB660F007F98D6 /* Drawing Board.app */,
			);
			name = Products;
			sourceTree = "<group>";
		};
		FFB5F58528DB660F007F98D6 /* Drawing Board */ = {
			isa = PBXGroup;
			children = (
				FFB5F5A228DCF1B7007F98D6 /* App */,
				FFB5F5A828DD0AC6007F98D6 /* Library */,
				FFB5F5A328DCF1C0007F98D6 /* Screens */,
			);
			path = "Drawing Board";
			sourceTree = "<group>";
		};
		FFB5F59E28DCDFF6007F98D6 /* Extensions */ = {
			isa = PBXGroup;
			children = (
				FFB5F59F28DCDFFD007F98D6 /* UIView+Extension.swift */,
				FFB5F5BB28DD1668007F98D6 /* UICollectionView+Extension.swift */,
			);
			path = Extensions;
			sourceTree = "<group>";
		};
		FFB5F5A128DCF1AF007F98D6 /* Views */ = {
			isa = PBXGroup;
			children = (
				FFB5F5AD28DD120A007F98D6 /* Canvas */,
				FFB5F5AC28DD1201007F98D6 /* Brush Selector  */,
			);
			path = Views;
			sourceTree = "<group>";
		};
		FFB5F5A228DCF1B7007F98D6 /* App */ = {
			isa = PBXGroup;
			children = (
				FFB5F58628DB660F007F98D6 /* AppDelegate.swift */,
				FFB5F58828DB660F007F98D6 /* SceneDelegate.swift */,
			);
			path = App;
			sourceTree = "<group>";
		};
		FFB5F5A328DCF1C0007F98D6 /* Screens */ = {
			isa = PBXGroup;
			children = (
				FFB5F5A528DD0A21007F98D6 /* Drawing Board */,
				FFB5F5A428DCF1D6007F98D6 /* Launch */,
			);
			path = Screens;
			sourceTree = "<group>";
		};
		FFB5F5A428DCF1D6007F98D6 /* Launch */ = {
			isa = PBXGroup;
			children = (
				FFB5F59128DB6610007F98D6 /* LaunchScreen.storyboard */,
			);
			path = Launch;
			sourceTree = "<group>";
		};
		FFB5F5A528DD0A21007F98D6 /* Drawing Board */ = {
			isa = PBXGroup;
			children = (
				FFB5F58C28DB660F007F98D6 /* DrawingBoardViewController.storyboard */,
				FFB5F59C28DCDFED007F98D6 /* DrawingBoardViewController.swift */,
			);
			path = "Drawing Board";
			sourceTree = "<group>";
		};
		FFB5F5A828DD0AC6007F98D6 /* Library */ = {
			isa = PBXGroup;
			children = (
				FFB5F59E28DCDFF6007F98D6 /* Extensions */,
				FFB5F5A928DD0AD0007F98D6 /* Models */,
				FFB5F5A128DCF1AF007F98D6 /* Views */,
				FFB5F5B428DD1594007F98D6 /* Protocols */,
				FFB5F5BD28DD39AB007F98D6 /* Resources */,
			);
			path = Library;
			sourceTree = "<group>";
		};
		FFB5F5A928DD0AD0007F98D6 /* Models */ = {
			isa = PBXGroup;
			children = (
				FFB5F5AA28DD0ADC007F98D6 /* Brush.swift */,
			);
			path = Models;
			sourceTree = "<group>";
		};
		FFB5F5AC28DD1201007F98D6 /* Brush Selector  */ = {
			isa = PBXGroup;
			children = (
				FFB5F5B028DD12CB007F98D6 /* Cell */,
				FFB5F5A628DD0A96007F98D6 /* BrushSelectorView.swift */,
			);
			path = "Brush Selector ";
			sourceTree = "<group>";
		};
		FFB5F5AD28DD120A007F98D6 /* Canvas */ = {
			isa = PBXGroup;
			children = (
				FFB5F59A28DCDFB6007F98D6 /* CanvasView.swift */,
			);
			path = Canvas;
			sourceTree = "<group>";
		};
		FFB5F5B028DD12CB007F98D6 /* Cell */ = {
			isa = PBXGroup;
			children = (
				FFB5F5B228DD12DA007F98D6 /* BrushSelectionCell.swift */,
				FFB5F5B928DD15E2007F98D6 /* BrushSelectionCell.xib */,
			);
			path = Cell;
			sourceTree = "<group>";
		};
		FFB5F5B428DD1594007F98D6 /* Protocols */ = {
			isa = PBXGroup;
			children = (
				FFB5F5B528DD15AC007F98D6 /* Reusable.swift */,
				FFB5F5B728DD15BE007F98D6 /* NibLoadable.swift */,
			);
			path = Protocols;
			sourceTree = "<group>";
		};
		FFB5F5BD28DD39AB007F98D6 /* Resources */ = {
			isa = PBXGroup;
			children = (
				FFB5F58F28DB6610007F98D6 /* Assets.xcassets */,
				FFB5F59428DB6610007F98D6 /* Info.plist */,
			);
			path = Resources;
			sourceTree = "<group>";
		};
/* End PBXGroup section */

/* Begin PBXNativeTarget section */
		FFB5F58228DB660F007F98D6 /* Drawing Board */ = {
			isa = PBXNativeTarget;
			buildConfigurationList = FFB5F59728DB6610007F98D6 /* Build configuration list for PBXNativeTarget "Drawing Board" */;
			buildPhases = (
				FFB5F57F28DB660F007F98D6 /* Sources */,
				FFB5F58028DB660F007F98D6 /* Frameworks */,
				FFB5F58128DB660F007F98D6 /* Resources */,
			);
			buildRules = (
			);
			dependencies = (
			);
			name = "Drawing Board";
			productName = "Drawing Board";
			productReference = FFB5F58328DB660F007F98D6 /* Drawing Board.app */;
			productType = "com.apple.product-type.application";
		};
/* End PBXNativeTarget section */

/* Begin PBXProject section */
		FFB5F57B28DB660F007F98D6 /* Project object */ = {
			isa = PBXProject;
			attributes = {
				BuildIndependentTargetsInParallel = 1;
				LastSwiftUpdateCheck = 1400;
				LastUpgradeCheck = 1400;
				TargetAttributes = {
					FFB5F58228DB660F007F98D6 = {
						CreatedOnToolsVersion = 14.0;
					};
				};
			};
			buildConfigurationList = FFB5F57E28DB660F007F98D6 /* Build configuration list for PBXProject "Drawing Board" */;
			compatibilityVersion = "Xcode 14.0";
			developmentRegion = en;
			hasScannedForEncodings = 0;
			knownRegions = (
				en,
				Base,
			);
			mainGroup = FFB5F57A28DB660F007F98D6;
			productRefGroup = FFB5F58428DB660F007F98D6 /* Products */;
			projectDirPath = "";
			projectRoot = "";
			targets = (
				FFB5F58228DB660F007F98D6 /* Drawing Board */,
			);
		};
/* End PBXProject section */

/* Begin PBXResourcesBuildPhase section */
		FFB5F58128DB660F007F98D6 /* Resources */ = {
			isa = PBXResourcesBuildPhase;
			buildActionMask = 2147483647;
			files = (
				FFB5F59328DB6610007F98D6 /* LaunchScreen.storyboard in Resources */,
				FFB5F5BA28DD15E2007F98D6 /* BrushSelectionCell.xib in Resources */,
				FFB5F59028DB6610007F98D6 /* Assets.xcassets in Resources */,
				FFB5F58E28DB660F007F98D6 /* DrawingBoardViewController.storyboard in Resources */,
			);
			runOnlyForDeploymentPostprocessing = 0;
		};
/* End PBXResourcesBuildPhase section */

/* Begin PBXSourcesBuildPhase section */
		FFB5F57F28DB660F007F98D6 /* Sources */ = {
			isa = PBXSourcesBuildPhase;
			buildActionMask = 2147483647;
			files = (
				FFB5F5B328DD12DB007F98D6 /* BrushSelectionCell.swift in Sources */,
				FFB5F5BC28DD1668007F98D6 /* UICollectionView+Extension.swift in Sources */,
				FFB5F5A728DD0A96007F98D6 /* BrushSelectorView.swift in Sources */,
				FFB5F5AB28DD0ADC007F98D6 /* Brush.swift in Sources */,
				FFB5F5B828DD15BE007F98D6 /* NibLoadable.swift in Sources */,
				FFB5F5B628DD15AC007F98D6 /* Reusable.swift in Sources */,
				FFB5F5A028DCDFFD007F98D6 /* UIView+Extension.swift in Sources */,
				FFB5F58728DB660F007F98D6 /* AppDelegate.swift in Sources */,
				FFB5F59D28DCDFED007F98D6 /* DrawingBoardViewController.swift in Sources */,
				FFB5F59B28DCDFB6007F98D6 /* CanvasView.swift in Sources */,
				FFB5F58928DB660F007F98D6 /* SceneDelegate.swift in Sources */,
			);
			runOnlyForDeploymentPostprocessing = 0;
		};
/* End PBXSourcesBuildPhase section */

/* Begin PBXVariantGroup section */
		FFB5F58C28DB660F007F98D6 /* DrawingBoardViewController.storyboard */ = {
			isa = PBXVariantGroup;
			children = (
				FFB5F58D28DB660F007F98D6 /* Base */,
			);
			name = DrawingBoardViewController.storyboard;
			sourceTree = "<group>";
		};
		FFB5F59128DB6610007F98D6 /* LaunchScreen.storyboard */ = {
			isa = PBXVariantGroup;
			children = (
				FFB5F59228DB6610007F98D6 /* Base */,
			);
			name = LaunchScreen.storyboard;
			sourceTree = "<group>";
		};
/* End PBXVariantGroup section */

/* Begin XCBuildConfiguration section */
		FFB5F59528DB6610007F98D6 /* Debug */ = {
			isa = XCBuildConfiguration;
			buildSettings = {
				ALWAYS_SEARCH_USER_PATHS = NO;
				CLANG_ANALYZER_NONNULL = YES;
				CLANG_ANALYZER_NUMBER_OBJECT_CONVERSION = YES_AGGRESSIVE;
				CLANG_CXX_LANGUAGE_STANDARD = "gnu++20";
				CLANG_ENABLE_MODULES = YES;
				CLANG_ENABLE_OBJC_ARC = YES;
				CLANG_ENABLE_OBJC_WEAK = YES;
				CLANG_WARN_BLOCK_CAPTURE_AUTORELEASING = YES;
				CLANG_WARN_BOOL_CONVERSION = YES;
				CLANG_WARN_COMMA = YES;
				CLANG_WARN_CONSTANT_CONVERSION = YES;
				CLANG_WARN_DEPRECATED_OBJC_IMPLEMENTATIONS = YES;
				CLANG_WARN_DIRECT_OBJC_ISA_USAGE = YES_ERROR;
				CLANG_WARN_DOCUMENTATION_COMMENTS = YES;
				CLANG_WARN_EMPTY_BODY = YES;
				CLANG_WARN_ENUM_CONVERSION = YES;
				CLANG_WARN_INFINITE_RECURSION = YES;
				CLANG_WARN_INT_CONVERSION = YES;
				CLANG_WARN_NON_LITERAL_NULL_CONVERSION = YES;
				CLANG_WARN_OBJC_IMPLICIT_RETAIN_SELF = YES;
				CLANG_WARN_OBJC_LITERAL_CONVERSION = YES;
				CLANG_WARN_OBJC_ROOT_CLASS = YES_ERROR;
				CLANG_WARN_QUOTED_INCLUDE_IN_FRAMEWORK_HEADER = YES;
				CLANG_WARN_RANGE_LOOP_ANALYSIS = YES;
				CLANG_WARN_STRICT_PROTOTYPES = YES;
				CLANG_WARN_SUSPICIOUS_MOVE = YES;
				CLANG_WARN_UNGUARDED_AVAILABILITY = YES_AGGRESSIVE;
				CLANG_WARN_UNREACHABLE_CODE = YES;
				CLANG_WARN__DUPLICATE_METHOD_MATCH = YES;
				COPY_PHASE_STRIP = NO;
				DEBUG_INFORMATION_FORMAT = dwarf;
				ENABLE_STRICT_OBJC_MSGSEND = YES;
				ENABLE_TESTABILITY = YES;
				GCC_C_LANGUAGE_STANDARD = gnu11;
				GCC_DYNAMIC_NO_PIC = NO;
				GCC_NO_COMMON_BLOCKS = YES;
				GCC_OPTIMIZATION_LEVEL = 0;
				GCC_PREPROCESSOR_DEFINITIONS = (
					"DEBUG=1",
					"$(inherited)",
				);
				GCC_WARN_64_TO_32_BIT_CONVERSION = YES;
				GCC_WARN_ABOUT_RETURN_TYPE = YES_ERROR;
				GCC_WARN_UNDECLARED_SELECTOR = YES;
				GCC_WARN_UNINITIALIZED_AUTOS = YES_AGGRESSIVE;
				GCC_WARN_UNUSED_FUNCTION = YES;
				GCC_WARN_UNUSED_VARIABLE = YES;
				IPHONEOS_DEPLOYMENT_TARGET = 16.0;
				MTL_ENABLE_DEBUG_INFO = INCLUDE_SOURCE;
				MTL_FAST_MATH = YES;
				ONLY_ACTIVE_ARCH = YES;
				SDKROOT = iphoneos;
				SWIFT_ACTIVE_COMPILATION_CONDITIONS = DEBUG;
				SWIFT_OPTIMIZATION_LEVEL = "-Onone";
			};
			name = Debug;
		};
		FFB5F59628DB6610007F98D6 /* Release */ = {
			isa = XCBuildConfiguration;
			buildSettings = {
				ALWAYS_SEARCH_USER_PATHS = NO;
				CLANG_ANALYZER_NONNULL = YES;
				CLANG_ANALYZER_NUMBER_OBJECT_CONVERSION = YES_AGGRESSIVE;
				CLANG_CXX_LANGUAGE_STANDARD = "gnu++20";
				CLANG_ENABLE_MODULES = YES;
				CLANG_ENABLE_OBJC_ARC = YES;
				CLANG_ENABLE_OBJC_WEAK = YES;
				CLANG_WARN_BLOCK_CAPTURE_AUTORELEASING = YES;
				CLANG_WARN_BOOL_CONVERSION = YES;
				CLANG_WARN_COMMA = YES;
				CLANG_WARN_CONSTANT_CONVERSION = YES;
				CLANG_WARN_DEPRECATED_OBJC_IMPLEMENTATIONS = YES;
				CLANG_WARN_DIRECT_OBJC_ISA_USAGE = YES_ERROR;
				CLANG_WARN_DOCUMENTATION_COMMENTS = YES;
				CLANG_WARN_EMPTY_BODY = YES;
				CLANG_WARN_ENUM_CONVERSION = YES;
				CLANG_WARN_INFINITE_RECURSION = YES;
				CLANG_WARN_INT_CONVERSION = YES;
				CLANG_WARN_NON_LITERAL_NULL_CONVERSION = YES;
				CLANG_WARN_OBJC_IMPLICIT_RETAIN_SELF = YES;
				CLANG_WARN_OBJC_LITERAL_CONVERSION = YES;
				CLANG_WARN_OBJC_ROOT_CLASS = YES_ERROR;
				CLANG_WARN_QUOTED_INCLUDE_IN_FRAMEWORK_HEADER = YES;
				CLANG_WARN_RANGE_LOOP_ANALYSIS = YES;
				CLANG_WARN_STRICT_PROTOTYPES = YES;
				CLANG_WARN_SUSPICIOUS_MOVE = YES;
				CLANG_WARN_UNGUARDED_AVAILABILITY = YES_AGGRESSIVE;
				CLANG_WARN_UNREACHABLE_CODE = YES;
				CLANG_WARN__DUPLICATE_METHOD_MATCH = YES;
				COPY_PHASE_STRIP = NO;
				DEBUG_INFORMATION_FORMAT = "dwarf-with-dsym";
				ENABLE_NS_ASSERTIONS = NO;
				ENABLE_STRICT_OBJC_MSGSEND = YES;
				GCC_C_LANGUAGE_STANDARD = gnu11;
				GCC_NO_COMMON_BLOCKS = YES;
				GCC_WARN_64_TO_32_BIT_CONVERSION = YES;
				GCC_WARN_ABOUT_RETURN_TYPE = YES_ERROR;
				GCC_WARN_UNDECLARED_SELECTOR = YES;
				GCC_WARN_UNINITIALIZED_AUTOS = YES_AGGRESSIVE;
				GCC_WARN_UNUSED_FUNCTION = YES;
				GCC_WARN_UNUSED_VARIABLE = YES;
				IPHONEOS_DEPLOYMENT_TARGET = 16.0;
				MTL_ENABLE_DEBUG_INFO = NO;
				MTL_FAST_MATH = YES;
				SDKROOT = iphoneos;
				SWIFT_COMPILATION_MODE = wholemodule;
				SWIFT_OPTIMIZATION_LEVEL = "-O";
				VALIDATE_PRODUCT = YES;
			};
			name = Release;
		};
		FFB5F59828DB6610007F98D6 /* Debug */ = {
			isa = XCBuildConfiguration;
			buildSettings = {
				ASSETCATALOG_COMPILER_APPICON_NAME = AppIcon;
				ASSETCATALOG_COMPILER_GLOBAL_ACCENT_COLOR_NAME = AccentColor;
				CODE_SIGN_STYLE = Automatic;
				CURRENT_PROJECT_VERSION = 1;
				DEVELOPMENT_TEAM = JL6XT94C4X;
				GENERATE_INFOPLIST_FILE = YES;
				INFOPLIST_FILE = "Drawing Board/Library/Resources/Info.plist";
				INFOPLIST_KEY_UIApplicationSupportsIndirectInputEvents = YES;
				INFOPLIST_KEY_UILaunchStoryboardName = LaunchScreen;
				INFOPLIST_KEY_UIMainStoryboardFile = Main;
				INFOPLIST_KEY_UISupportedInterfaceOrientations = UIInterfaceOrientationPortrait;
				LD_RUNPATH_SEARCH_PATHS = (
					"$(inherited)",
					"@executable_path/Frameworks",
				);
				MARKETING_VERSION = 1.0;
				PRODUCT_BUNDLE_IDENTIFIER = "com.thebabycompany.Drawing-Board";
				PRODUCT_NAME = "$(TARGET_NAME)";
				SWIFT_EMIT_LOC_STRINGS = YES;
				SWIFT_VERSION = 5.0;
				TARGETED_DEVICE_FAMILY = "1,2";
			};
			name = Debug;
		};
		FFB5F59928DB6610007F98D6 /* Release */ = {
			isa = XCBuildConfiguration;
			buildSettings = {
				ASSETCATALOG_COMPILER_APPICON_NAME = AppIcon;
				ASSETCATALOG_COMPILER_GLOBAL_ACCENT_COLOR_NAME = AccentColor;
				CODE_SIGN_STYLE = Automatic;
				CURRENT_PROJECT_VERSION = 1;
				DEVELOPMENT_TEAM = JL6XT94C4X;
				GENERATE_INFOPLIST_FILE = YES;
				INFOPLIST_FILE = "Drawing Board/Library/Resources/Info.plist";
				INFOPLIST_KEY_UIApplicationSupportsIndirectInputEvents = YES;
				INFOPLIST_KEY_UILaunchStoryboardName = LaunchScreen;
				INFOPLIST_KEY_UIMainStoryboardFile = Main;
				INFOPLIST_KEY_UISupportedInterfaceOrientations = UIInterfaceOrientationPortrait;
				LD_RUNPATH_SEARCH_PATHS = (
					"$(inherited)",
					"@executable_path/Frameworks",
				);
				MARKETING_VERSION = 1.0;
				PRODUCT_BUNDLE_IDENTIFIER = "com.thebabycompany.Drawing-Board";
				PRODUCT_NAME = "$(TARGET_NAME)";
				SWIFT_EMIT_LOC_STRINGS = YES;
				SWIFT_VERSION = 5.0;
				TARGETED_DEVICE_FAMILY = "1,2";
			};
			name = Release;
		};
/* End XCBuildConfiguration section */

/* Begin XCConfigurationList section */
		FFB5F57E28DB660F007F98D6 /* Build configuration list for PBXProject "Drawing Board" */ = {
			isa = XCConfigurationList;
			buildConfigurations = (
				FFB5F59528DB6610007F98D6 /* Debug */,
				FFB5F59628DB6610007F98D6 /* Release */,
			);
			defaultConfigurationIsVisible = 0;
			defaultConfigurationName = Release;
		};
		FFB5F59728DB6610007F98D6 /* Build configuration list for PBXNativeTarget "Drawing Board" */ = {
			isa = XCConfigurationList;
			buildConfigurations = (
				FFB5F59828DB6610007F98D6 /* Debug */,
				FFB5F59928DB6610007F98D6 /* Release */,
			);
			defaultConfigurationIsVisible = 0;
			defaultConfigurationName = Release;
		};
/* End XCConfigurationList section */
	};
	rootObject = FFB5F57B28DB660F007F98D6 /* Project object */;
}
